// !$*UTF8*$!
{
	archiveVersion = 1;
	classes = {
	};
	objectVersion = 55;
	objects = {

/* Begin PBXBuildFile section */
		BE2417AE286354C400650FE5 /* AppDelegate.swift in Sources */ = {isa = PBXBuildFile; fileRef = BE2417AD286354C400650FE5 /* AppDelegate.swift */; };
		BE2417B0286354C400650FE5 /* SceneDelegate.swift in Sources */ = {isa = PBXBuildFile; fileRef = BE2417AF286354C400650FE5 /* SceneDelegate.swift */; };
		BE2417B2286354C400650FE5 /* MVPViewController.swift in Sources */ = {isa = PBXBuildFile; fileRef = BE2417B1286354C400650FE5 /* MVPViewController.swift */; };
		BE2417B7286354C800650FE5 /* Assets.xcassets in Resources */ = {isa = PBXBuildFile; fileRef = BE2417B6286354C800650FE5 /* Assets.xcassets */; };
		BE2417BA286354C800650FE5 /* LaunchScreen.storyboard in Resources */ = {isa = PBXBuildFile; fileRef = BE2417B8286354C800650FE5 /* LaunchScreen.storyboard */; };
		BE2417C32863566A00650FE5 /* MVPPresenter.swift in Sources */ = {isa = PBXBuildFile; fileRef = BE2417C22863566A00650FE5 /* MVPPresenter.swift */; };
		BE2417C52863568100650FE5 /* DataManager.swift in Sources */ = {isa = PBXBuildFile; fileRef = BE2417C42863568100650FE5 /* DataManager.swift */; };
		BE2417C92863861200650FE5 /* MVPAssembly.swift in Sources */ = {isa = PBXBuildFile; fileRef = BE2417C82863861200650FE5 /* MVPAssembly.swift */; };
		BE2417CD286388F200650FE5 /* MVVMViewController.swift in Sources */ = {isa = PBXBuildFile; fileRef = BE2417CC286388F200650FE5 /* MVVMViewController.swift */; };
		BE2417CF2863890800650FE5 /* MVVMViewModel.swift in Sources */ = {isa = PBXBuildFile; fileRef = BE2417CE2863890800650FE5 /* MVVMViewModel.swift */; };
		BE2417D328638C7C00650FE5 /* MVVMAssembly.swift in Sources */ = {isa = PBXBuildFile; fileRef = BE2417D228638C7C00650FE5 /* MVVMAssembly.swift */; };
		BE2417D7286435E700650FE5 /* VIPERViewController.swift in Sources */ = {isa = PBXBuildFile; fileRef = BE2417D6286435E700650FE5 /* VIPERViewController.swift */; };
		BE2417DE2864371000650FE5 /* VIPERPresenter.swift in Sources */ = {isa = PBXBuildFile; fileRef = BE2417DD2864371000650FE5 /* VIPERPresenter.swift */; };
		BE2417E02864372700650FE5 /* Interactor.swift in Sources */ = {isa = PBXBuildFile; fileRef = BE2417DF2864372700650FE5 /* Interactor.swift */; };
		BE2417E42864377A00650FE5 /* Router.swift in Sources */ = {isa = PBXBuildFile; fileRef = BE2417E32864377A00650FE5 /* Router.swift */; };
		BE2417E7286437FF00650FE5 /* RouterInput.swift in Sources */ = {isa = PBXBuildFile; fileRef = BE2417E6286437FF00650FE5 /* RouterInput.swift */; };
		BE2417E92864381D00650FE5 /* InteractorInput.swift in Sources */ = {isa = PBXBuildFile; fileRef = BE2417E82864381D00650FE5 /* InteractorInput.swift */; };
		BE2417EB2864388A00650FE5 /* VIPERViewInput.swift in Sources */ = {isa = PBXBuildFile; fileRef = BE2417EA2864388A00650FE5 /* VIPERViewInput.swift */; };
		BE2417ED286438C000650FE5 /* VIPERViewOutput.swift in Sources */ = {isa = PBXBuildFile; fileRef = BE2417EC286438C000650FE5 /* VIPERViewOutput.swift */; };
		BE2417EF2864393200650FE5 /* InteractorOutput.swift in Sources */ = {isa = PBXBuildFile; fileRef = BE2417EE2864393200650FE5 /* InteractorOutput.swift */; };
		BE2417F1286481A600650FE5 /* VIPERAssembly.swift in Sources */ = {isa = PBXBuildFile; fileRef = BE2417F0286481A600650FE5 /* VIPERAssembly.swift */; };
/* End PBXBuildFile section */

/* Begin PBXFileReference section */
		BE2417AA286354C400650FE5 /* All patterns together.app */ = {isa = PBXFileReference; explicitFileType = wrapper.application; includeInIndex = 0; path = "All patterns together.app"; sourceTree = BUILT_PRODUCTS_DIR; };
		BE2417AD286354C400650FE5 /* AppDelegate.swift */ = {isa = PBXFileReference; lastKnownFileType = sourcecode.swift; path = AppDelegate.swift; sourceTree = "<group>"; };
		BE2417AF286354C400650FE5 /* SceneDelegate.swift */ = {isa = PBXFileReference; lastKnownFileType = sourcecode.swift; path = SceneDelegate.swift; sourceTree = "<group>"; };
		BE2417B1286354C400650FE5 /* MVPViewController.swift */ = {isa = PBXFileReference; lastKnownFileType = sourcecode.swift; path = MVPViewController.swift; sourceTree = "<group>"; };
		BE2417B6286354C800650FE5 /* Assets.xcassets */ = {isa = PBXFileReference; lastKnownFileType = folder.assetcatalog; path = Assets.xcassets; sourceTree = "<group>"; };
		BE2417B9286354C800650FE5 /* Base */ = {isa = PBXFileReference; lastKnownFileType = file.storyboard; name = Base; path = Base.lproj/LaunchScreen.storyboard; sourceTree = "<group>"; };
		BE2417BB286354C800650FE5 /* Info.plist */ = {isa = PBXFileReference; lastKnownFileType = text.plist.xml; path = Info.plist; sourceTree = "<group>"; };
		BE2417C22863566A00650FE5 /* MVPPresenter.swift */ = {isa = PBXFileReference; lastKnownFileType = sourcecode.swift; path = MVPPresenter.swift; sourceTree = "<group>"; };
		BE2417C42863568100650FE5 /* DataManager.swift */ = {isa = PBXFileReference; lastKnownFileType = sourcecode.swift; path = DataManager.swift; sourceTree = "<group>"; };
		BE2417C82863861200650FE5 /* MVPAssembly.swift */ = {isa = PBXFileReference; lastKnownFileType = sourcecode.swift; path = MVPAssembly.swift; sourceTree = "<group>"; };
		BE2417CC286388F200650FE5 /* MVVMViewController.swift */ = {isa = PBXFileReference; lastKnownFileType = sourcecode.swift; path = MVVMViewController.swift; sourceTree = "<group>"; };
		BE2417CE2863890800650FE5 /* MVVMViewModel.swift */ = {isa = PBXFileReference; lastKnownFileType = sourcecode.swift; path = MVVMViewModel.swift; sourceTree = "<group>"; };
		BE2417D228638C7C00650FE5 /* MVVMAssembly.swift */ = {isa = PBXFileReference; lastKnownFileType = sourcecode.swift; path = MVVMAssembly.swift; sourceTree = "<group>"; };
		BE2417D6286435E700650FE5 /* VIPERViewController.swift */ = {isa = PBXFileReference; lastKnownFileType = sourcecode.swift; path = VIPERViewController.swift; sourceTree = "<group>"; };
		BE2417DD2864371000650FE5 /* VIPERPresenter.swift */ = {isa = PBXFileReference; lastKnownFileType = sourcecode.swift; path = VIPERPresenter.swift; sourceTree = "<group>"; };
		BE2417DF2864372700650FE5 /* Interactor.swift */ = {isa = PBXFileReference; lastKnownFileType = sourcecode.swift; path = Interactor.swift; sourceTree = "<group>"; };
		BE2417E32864377A00650FE5 /* Router.swift */ = {isa = PBXFileReference; lastKnownFileType = sourcecode.swift; path = Router.swift; sourceTree = "<group>"; };
		BE2417E6286437FF00650FE5 /* RouterInput.swift */ = {isa = PBXFileReference; lastKnownFileType = sourcecode.swift; path = RouterInput.swift; sourceTree = "<group>"; };
		BE2417E82864381D00650FE5 /* InteractorInput.swift */ = {isa = PBXFileReference; lastKnownFileType = sourcecode.swift; path = InteractorInput.swift; sourceTree = "<group>"; };
		BE2417EA2864388A00650FE5 /* VIPERViewInput.swift */ = {isa = PBXFileReference; lastKnownFileType = sourcecode.swift; path = VIPERViewInput.swift; sourceTree = "<group>"; };
		BE2417EC286438C000650FE5 /* VIPERViewOutput.swift */ = {isa = PBXFileReference; lastKnownFileType = sourcecode.swift; path = VIPERViewOutput.swift; sourceTree = "<group>"; };
		BE2417EE2864393200650FE5 /* InteractorOutput.swift */ = {isa = PBXFileReference; lastKnownFileType = sourcecode.swift; path = InteractorOutput.swift; sourceTree = "<group>"; };
		BE2417F0286481A600650FE5 /* VIPERAssembly.swift */ = {isa = PBXFileReference; lastKnownFileType = sourcecode.swift; path = VIPERAssembly.swift; sourceTree = "<group>"; };
/* End PBXFileReference section */

/* Begin PBXFrameworksBuildPhase section */
		BE2417A7286354C400650FE5 /* Frameworks */ = {
			isa = PBXFrameworksBuildPhase;
			buildActionMask = 2147483647;
			files = (
			);
			runOnlyForDeploymentPostprocessing = 0;
		};
/* End PBXFrameworksBuildPhase section */

/* Begin PBXGroup section */
		BE2417A1286354C400650FE5 = {
			isa = PBXGroup;
			children = (
				BE2417AC286354C400650FE5 /* All patterns together */,
				BE2417AB286354C400650FE5 /* Products */,
			);
			sourceTree = "<group>";
		};
		BE2417AB286354C400650FE5 /* Products */ = {
			isa = PBXGroup;
			children = (
				BE2417AA286354C400650FE5 /* All patterns together.app */,
			);
			name = Products;
			sourceTree = "<group>";
		};
		BE2417AC286354C400650FE5 /* All patterns together */ = {
			isa = PBXGroup;
			children = (
				BE2417AD286354C400650FE5 /* AppDelegate.swift */,
				BE2417AF286354C400650FE5 /* SceneDelegate.swift */,
				BE2417C42863568100650FE5 /* DataManager.swift */,
				BE2417C1286355E800650FE5 /* MVP */,
				BE2417CB286388C500650FE5 /* MVVM */,
				BE2417D5286435AF00650FE5 /* VIPER */,
				BE2417B6286354C800650FE5 /* Assets.xcassets */,
				BE2417B8286354C800650FE5 /* LaunchScreen.storyboard */,
				BE2417BB286354C800650FE5 /* Info.plist */,
			);
			path = "All patterns together";
			sourceTree = "<group>";
		};
		BE2417C1286355E800650FE5 /* MVP */ = {
			isa = PBXGroup;
			children = (
				BE2417C7286385E600650FE5 /* Presenter */,
				BE2417C6286385DE00650FE5 /* View */,
				BE2417C82863861200650FE5 /* MVPAssembly.swift */,
			);
			path = MVP;
			sourceTree = "<group>";
		};
		BE2417C6286385DE00650FE5 /* View */ = {
			isa = PBXGroup;
			children = (
				BE2417B1286354C400650FE5 /* MVPViewController.swift */,
			);
			path = View;
			sourceTree = "<group>";
		};
		BE2417C7286385E600650FE5 /* Presenter */ = {
			isa = PBXGroup;
			children = (
				BE2417C22863566A00650FE5 /* MVPPresenter.swift */,
			);
			path = Presenter;
			sourceTree = "<group>";
		};
		BE2417CB286388C500650FE5 /* MVVM */ = {
			isa = PBXGroup;
			children = (
				BE2417D228638C7C00650FE5 /* MVVMAssembly.swift */,
				BE2417D02863891D00650FE5 /* View */,
				BE2417D12863892700650FE5 /* ViewModel */,
			);
			path = MVVM;
			sourceTree = "<group>";
		};
		BE2417D02863891D00650FE5 /* View */ = {
			isa = PBXGroup;
			children = (
				BE2417CC286388F200650FE5 /* MVVMViewController.swift */,
			);
			path = View;
			sourceTree = "<group>";
		};
		BE2417D12863892700650FE5 /* ViewModel */ = {
			isa = PBXGroup;
			children = (
				BE2417CE2863890800650FE5 /* MVVMViewModel.swift */,
			);
			path = ViewModel;
			sourceTree = "<group>";
		};
		BE2417D5286435AF00650FE5 /* VIPER */ = {
			isa = PBXGroup;
			children = (
				BE2417DC286436FA00650FE5 /* View */,
				BE2417E22864376100650FE5 /* Presenter */,
				BE2417E12864375500650FE5 /* Interactor */,
				BE2417E52864377F00650FE5 /* Router */,
				BE2417F0286481A600650FE5 /* VIPERAssembly.swift */,
			);
			path = VIPER;
			sourceTree = "<group>";
		};
		BE2417DC286436FA00650FE5 /* View */ = {
			isa = PBXGroup;
			children = (
				BE2417D6286435E700650FE5 /* VIPERViewController.swift */,
				BE2417EA2864388A00650FE5 /* VIPERViewInput.swift */,
				BE2417EC286438C000650FE5 /* VIPERViewOutput.swift */,
			);
			path = View;
			sourceTree = "<group>";
		};
		BE2417E12864375500650FE5 /* Interactor */ = {
			isa = PBXGroup;
			children = (
				BE2417DF2864372700650FE5 /* Interactor.swift */,
				BE2417E82864381D00650FE5 /* InteractorInput.swift */,
				BE2417EE2864393200650FE5 /* InteractorOutput.swift */,
			);
			path = Interactor;
			sourceTree = "<group>";
		};
		BE2417E22864376100650FE5 /* Presenter */ = {
			isa = PBXGroup;
			children = (
				BE2417DD2864371000650FE5 /* VIPERPresenter.swift */,
			);
			path = Presenter;
			sourceTree = "<group>";
		};
		BE2417E52864377F00650FE5 /* Router */ = {
			isa = PBXGroup;
			children = (
				BE2417E32864377A00650FE5 /* Router.swift */,
				BE2417E6286437FF00650FE5 /* RouterInput.swift */,
			);
			path = Router;
			sourceTree = "<group>";
		};
/* End PBXGroup section */

/* Begin PBXNativeTarget section */
		BE2417A9286354C400650FE5 /* All patterns together */ = {
			isa = PBXNativeTarget;
			buildConfigurationList = BE2417BE286354C800650FE5 /* Build configuration list for PBXNativeTarget "All patterns together" */;
			buildPhases = (
				BE2417A6286354C400650FE5 /* Sources */,
				BE2417A7286354C400650FE5 /* Frameworks */,
				BE2417A8286354C400650FE5 /* Resources */,
			);
			buildRules = (
			);
			dependencies = (
			);
			name = "All patterns together";
			productName = "All patterns together";
			productReference = BE2417AA286354C400650FE5 /* All patterns together.app */;
			productType = "com.apple.product-type.application";
		};
/* End PBXNativeTarget section */

/* Begin PBXProject section */
		BE2417A2286354C400650FE5 /* Project object */ = {
			isa = PBXProject;
			attributes = {
				BuildIndependentTargetsInParallel = 1;
				LastSwiftUpdateCheck = 1340;
				LastUpgradeCheck = 1340;
				TargetAttributes = {
					BE2417A9286354C400650FE5 = {
						CreatedOnToolsVersion = 13.4.1;
					};
				};
			};
			buildConfigurationList = BE2417A5286354C400650FE5 /* Build configuration list for PBXProject "All patterns together" */;
			compatibilityVersion = "Xcode 13.0";
			developmentRegion = en;
			hasScannedForEncodings = 0;
			knownRegions = (
				en,
				Base,
			);
			mainGroup = BE2417A1286354C400650FE5;
			productRefGroup = BE2417AB286354C400650FE5 /* Products */;
			projectDirPath = "";
			projectRoot = "";
			targets = (
				BE2417A9286354C400650FE5 /* All patterns together */,
			);
		};
/* End PBXProject section */

/* Begin PBXResourcesBuildPhase section */
		BE2417A8286354C400650FE5 /* Resources */ = {
			isa = PBXResourcesBuildPhase;
			buildActionMask = 2147483647;
			files = (
				BE2417BA286354C800650FE5 /* LaunchScreen.storyboard in Resources */,
				BE2417B7286354C800650FE5 /* Assets.xcassets in Resources */,
			);
			runOnlyForDeploymentPostprocessing = 0;
		};
/* End PBXResourcesBuildPhase section */

/* Begin PBXSourcesBuildPhase section */
		BE2417A6286354C400650FE5 /* Sources */ = {
			isa = PBXSourcesBuildPhase;
			buildActionMask = 2147483647;
			files = (
				BE2417EB2864388A00650FE5 /* VIPERViewInput.swift in Sources */,
				BE2417CF2863890800650FE5 /* MVVMViewModel.swift in Sources */,
				BE2417DE2864371000650FE5 /* VIPERPresenter.swift in Sources */,
				BE2417EF2864393200650FE5 /* InteractorOutput.swift in Sources */,
				BE2417C32863566A00650FE5 /* MVPPresenter.swift in Sources */,
				BE2417ED286438C000650FE5 /* VIPERViewOutput.swift in Sources */,
				BE2417E92864381D00650FE5 /* InteractorInput.swift in Sources */,
				BE2417C92863861200650FE5 /* MVPAssembly.swift in Sources */,
				BE2417D328638C7C00650FE5 /* MVVMAssembly.swift in Sources */,
				BE2417CD286388F200650FE5 /* MVVMViewController.swift in Sources */,
				BE2417E02864372700650FE5 /* Interactor.swift in Sources */,
				BE2417D7286435E700650FE5 /* VIPERViewController.swift in Sources */,
				BE2417C52863568100650FE5 /* DataManager.swift in Sources */,
				BE2417E7286437FF00650FE5 /* RouterInput.swift in Sources */,
				BE2417B2286354C400650FE5 /* MVPViewController.swift in Sources */,
				BE2417F1286481A600650FE5 /* VIPERAssembly.swift in Sources */,
				BE2417AE286354C400650FE5 /* AppDelegate.swift in Sources */,
				BE2417B0286354C400650FE5 /* SceneDelegate.swift in Sources */,
				BE2417E42864377A00650FE5 /* Router.swift in Sources */,
			);
			runOnlyForDeploymentPostprocessing = 0;
		};
/* End PBXSourcesBuildPhase section */

/* Begin PBXVariantGroup section */
		BE2417B8286354C800650FE5 /* LaunchScreen.storyboard */ = {
			isa = PBXVariantGroup;
			children = (
				BE2417B9286354C800650FE5 /* Base */,
			);
			name = LaunchScreen.storyboard;
			sourceTree = "<group>";
		};
/* End PBXVariantGroup section */

/* Begin XCBuildConfiguration section */
		BE2417BC286354C800650FE5 /* Debug */ = {
			isa = XCBuildConfiguration;
			buildSettings = {
				ALWAYS_SEARCH_USER_PATHS = NO;
				CLANG_ANALYZER_NONNULL = YES;
				CLANG_ANALYZER_NUMBER_OBJECT_CONVERSION = YES_AGGRESSIVE;
				CLANG_CXX_LANGUAGE_STANDARD = "gnu++17";
				CLANG_ENABLE_MODULES = YES;
				CLANG_ENABLE_OBJC_ARC = YES;
				CLANG_ENABLE_OBJC_WEAK = YES;
				CLANG_WARN_BLOCK_CAPTURE_AUTORELEASING = YES;
				CLANG_WARN_BOOL_CONVERSION = YES;
				CLANG_WARN_COMMA = YES;
				CLANG_WARN_CONSTANT_CONVERSION = YES;
				CLANG_WARN_DEPRECATED_OBJC_IMPLEMENTATIONS = YES;
				CLANG_WARN_DIRECT_OBJC_ISA_USAGE = YES_ERROR;
				CLANG_WARN_DOCUMENTATION_COMMENTS = YES;
				CLANG_WARN_EMPTY_BODY = YES;
				CLANG_WARN_ENUM_CONVERSION = YES;
				CLANG_WARN_INFINITE_RECURSION = YES;
				CLANG_WARN_INT_CONVERSION = YES;
				CLANG_WARN_NON_LITERAL_NULL_CONVERSION = YES;
				CLANG_WARN_OBJC_IMPLICIT_RETAIN_SELF = YES;
				CLANG_WARN_OBJC_LITERAL_CONVERSION = YES;
				CLANG_WARN_OBJC_ROOT_CLASS = YES_ERROR;
				CLANG_WARN_QUOTED_INCLUDE_IN_FRAMEWORK_HEADER = YES;
				CLANG_WARN_RANGE_LOOP_ANALYSIS = YES;
				CLANG_WARN_STRICT_PROTOTYPES = YES;
				CLANG_WARN_SUSPICIOUS_MOVE = YES;
				CLANG_WARN_UNGUARDED_AVAILABILITY = YES_AGGRESSIVE;
				CLANG_WARN_UNREACHABLE_CODE = YES;
				CLANG_WARN__DUPLICATE_METHOD_MATCH = YES;
				COPY_PHASE_STRIP = NO;
				DEBUG_INFORMATION_FORMAT = dwarf;
				ENABLE_STRICT_OBJC_MSGSEND = YES;
				ENABLE_TESTABILITY = YES;
				GCC_C_LANGUAGE_STANDARD = gnu11;
				GCC_DYNAMIC_NO_PIC = NO;
				GCC_NO_COMMON_BLOCKS = YES;
				GCC_OPTIMIZATION_LEVEL = 0;
				GCC_PREPROCESSOR_DEFINITIONS = (
					"DEBUG=1",
					"$(inherited)",
				);
				GCC_WARN_64_TO_32_BIT_CONVERSION = YES;
				GCC_WARN_ABOUT_RETURN_TYPE = YES_ERROR;
				GCC_WARN_UNDECLARED_SELECTOR = YES;
				GCC_WARN_UNINITIALIZED_AUTOS = YES_AGGRESSIVE;
				GCC_WARN_UNUSED_FUNCTION = YES;
				GCC_WARN_UNUSED_VARIABLE = YES;
				IPHONEOS_DEPLOYMENT_TARGET = 15.5;
				MTL_ENABLE_DEBUG_INFO = INCLUDE_SOURCE;
				MTL_FAST_MATH = YES;
				ONLY_ACTIVE_ARCH = YES;
				SDKROOT = iphoneos;
				SWIFT_ACTIVE_COMPILATION_CONDITIONS = DEBUG;
				SWIFT_OPTIMIZATION_LEVEL = "-Onone";
			};
			name = Debug;
		};
		BE2417BD286354C800650FE5 /* Release */ = {
			isa = XCBuildConfiguration;
			buildSettings = {
				ALWAYS_SEARCH_USER_PATHS = NO;
				CLANG_ANALYZER_NONNULL = YES;
				CLANG_ANALYZER_NUMBER_OBJECT_CONVERSION = YES_AGGRESSIVE;
				CLANG_CXX_LANGUAGE_STANDARD = "gnu++17";
				CLANG_ENABLE_MODULES = YES;
				CLANG_ENABLE_OBJC_ARC = YES;
				CLANG_ENABLE_OBJC_WEAK = YES;
				CLANG_WARN_BLOCK_CAPTURE_AUTORELEASING = YES;
				CLANG_WARN_BOOL_CONVERSION = YES;
				CLANG_WARN_COMMA = YES;
				CLANG_WARN_CONSTANT_CONVERSION = YES;
				CLANG_WARN_DEPRECATED_OBJC_IMPLEMENTATIONS = YES;
				CLANG_WARN_DIRECT_OBJC_ISA_USAGE = YES_ERROR;
				CLANG_WARN_DOCUMENTATION_COMMENTS = YES;
				CLANG_WARN_EMPTY_BODY = YES;
				CLANG_WARN_ENUM_CONVERSION = YES;
				CLANG_WARN_INFINITE_RECURSION = YES;
				CLANG_WARN_INT_CONVERSION = YES;
				CLANG_WARN_NON_LITERAL_NULL_CONVERSION = YES;
				CLANG_WARN_OBJC_IMPLICIT_RETAIN_SELF = YES;
				CLANG_WARN_OBJC_LITERAL_CONVERSION = YES;
				CLANG_WARN_OBJC_ROOT_CLASS = YES_ERROR;
				CLANG_WARN_QUOTED_INCLUDE_IN_FRAMEWORK_HEADER = YES;
				CLANG_WARN_RANGE_LOOP_ANALYSIS = YES;
				CLANG_WARN_STRICT_PROTOTYPES = YES;
				CLANG_WARN_SUSPICIOUS_MOVE = YES;
				CLANG_WARN_UNGUARDED_AVAILABILITY = YES_AGGRESSIVE;
				CLANG_WARN_UNREACHABLE_CODE = YES;
				CLANG_WARN__DUPLICATE_METHOD_MATCH = YES;
				COPY_PHASE_STRIP = NO;
				DEBUG_INFORMATION_FORMAT = "dwarf-with-dsym";
				ENABLE_NS_ASSERTIONS = NO;
				ENABLE_STRICT_OBJC_MSGSEND = YES;
				GCC_C_LANGUAGE_STANDARD = gnu11;
				GCC_NO_COMMON_BLOCKS = YES;
				GCC_WARN_64_TO_32_BIT_CONVERSION = YES;
				GCC_WARN_ABOUT_RETURN_TYPE = YES_ERROR;
				GCC_WARN_UNDECLARED_SELECTOR = YES;
				GCC_WARN_UNINITIALIZED_AUTOS = YES_AGGRESSIVE;
				GCC_WARN_UNUSED_FUNCTION = YES;
				GCC_WARN_UNUSED_VARIABLE = YES;
				IPHONEOS_DEPLOYMENT_TARGET = 15.5;
				MTL_ENABLE_DEBUG_INFO = NO;
				MTL_FAST_MATH = YES;
				SDKROOT = iphoneos;
				SWIFT_COMPILATION_MODE = wholemodule;
				SWIFT_OPTIMIZATION_LEVEL = "-O";
				VALIDATE_PRODUCT = YES;
			};
			name = Release;
		};
		BE2417BF286354C800650FE5 /* Debug */ = {
			isa = XCBuildConfiguration;
			buildSettings = {
				ASSETCATALOG_COMPILER_APPICON_NAME = AppIcon;
				ASSETCATALOG_COMPILER_GLOBAL_ACCENT_COLOR_NAME = AccentColor;
				CODE_SIGN_STYLE = Automatic;
				CURRENT_PROJECT_VERSION = 1;
				DEVELOPMENT_TEAM = H5W6DUL8QB;
				GENERATE_INFOPLIST_FILE = YES;
				INFOPLIST_FILE = "All patterns together/Info.plist";
				INFOPLIST_KEY_UIApplicationSupportsIndirectInputEvents = YES;
				INFOPLIST_KEY_UILaunchStoryboardName = LaunchScreen;
				INFOPLIST_KEY_UISupportedInterfaceOrientations_iPad = "UIInterfaceOrientationPortrait UIInterfaceOrientationPortraitUpsideDown UIInterfaceOrientationLandscapeLeft UIInterfaceOrientationLandscapeRight";
				INFOPLIST_KEY_UISupportedInterfaceOrientations_iPhone = "UIInterfaceOrientationPortrait UIInterfaceOrientationLandscapeLeft UIInterfaceOrientationLandscapeRight";
				LD_RUNPATH_SEARCH_PATHS = (
					"$(inherited)",
					"@executable_path/Frameworks",
				);
				MARKETING_VERSION = 1.0;
				PRODUCT_BUNDLE_IDENTIFIER = "Vinyar-project.All-patterns-together";
				PRODUCT_NAME = "$(TARGET_NAME)";
				SWIFT_EMIT_LOC_STRINGS = YES;
				SWIFT_VERSION = 5.0;
				TARGETED_DEVICE_FAMILY = "1,2";
			};
			name = Debug;
		};
		BE2417C0286354C800650FE5 /* Release */ = {
			isa = XCBuildConfiguration;
			buildSettings = {
				ASSETCATALOG_COMPILER_APPICON_NAME = AppIcon;
				ASSETCATALOG_COMPILER_GLOBAL_ACCENT_COLOR_NAME = AccentColor;
				CODE_SIGN_STYLE = Automatic;
				CURRENT_PROJECT_VERSION = 1;
				DEVELOPMENT_TEAM = H5W6DUL8QB;
				GENERATE_INFOPLIST_FILE = YES;
				INFOPLIST_FILE = "All patterns together/Info.plist";
				INFOPLIST_KEY_UIApplicationSupportsIndirectInputEvents = YES;
				INFOPLIST_KEY_UILaunchStoryboardName = LaunchScreen;
				INFOPLIST_KEY_UISupportedInterfaceOrientations_iPad = "UIInterfaceOrientationPortrait UIInterfaceOrientationPortraitUpsideDown UIInterfaceOrientationLandscapeLeft UIInterfaceOrientationLandscapeRight";
				INFOPLIST_KEY_UISupportedInterfaceOrientations_iPhone = "UIInterfaceOrientationPortrait UIInterfaceOrientationLandscapeLeft UIInterfaceOrientationLandscapeRight";
				LD_RUNPATH_SEARCH_PATHS = (
					"$(inherited)",
					"@executable_path/Frameworks",
				);
				MARKETING_VERSION = 1.0;
				PRODUCT_BUNDLE_IDENTIFIER = "Vinyar-project.All-patterns-together";
				PRODUCT_NAME = "$(TARGET_NAME)";
				SWIFT_EMIT_LOC_STRINGS = YES;
				SWIFT_VERSION = 5.0;
				TARGETED_DEVICE_FAMILY = "1,2";
			};
			name = Release;
		};
/* End XCBuildConfiguration section */

/* Begin XCConfigurationList section */
		BE2417A5286354C400650FE5 /* Build configuration list for PBXProject "All patterns together" */ = {
			isa = XCConfigurationList;
			buildConfigurations = (
				BE2417BC286354C800650FE5 /* Debug */,
				BE2417BD286354C800650FE5 /* Release */,
			);
			defaultConfigurationIsVisible = 0;
			defaultConfigurationName = Release;
		};
		BE2417BE286354C800650FE5 /* Build configuration list for PBXNativeTarget "All patterns together" */ = {
			isa = XCConfigurationList;
			buildConfigurations = (
				BE2417BF286354C800650FE5 /* Debug */,
				BE2417C0286354C800650FE5 /* Release */,
			);
			defaultConfigurationIsVisible = 0;
			defaultConfigurationName = Release;
		};
/* End XCConfigurationList section */
	};
	rootObject = BE2417A2286354C400650FE5 /* Project object */;
}
